
Microsoft Visual Studio Solution File, Format Version 12.00
# Visual Studio 15
VisualStudioVersion = 15.0.28307.489
MinimumVisualStudioVersion = 10.0.40219.1
Project("{FAE04EC0-301F-11D3-BF4B-00C04F79EFBC}") = "AjaxExample", "AjaxExample\AjaxExample.csproj", "{52354FD8-0183-4425-8C01-201108FC7BF6}"
EndProject
Global
	GlobalSection(SolutionConfigurationPlatforms) = preSolution
		Debug|Any CPU = Debug|Any CPU
		Release|Any CPU = Release|Any CPU
	EndGlobalSection
	GlobalSection(ProjectConfigurationPlatforms) = postSolution
		{52354FD8-0183-4425-8C01-201108FC7BF6}.Debug|Any CPU.ActiveCfg = Debug|Any CPU
		{52354FD8-0183-4425-8C01-201108FC7BF6}.Debug|Any CPU.Build.0 = Debug|Any CPU
		{52354FD8-0183-4425-8C01-201108FC7BF6}.Release|Any CPU.ActiveCfg = Release|Any CPU
		{52354FD8-0183-4425-8C01-201108FC7BF6}.Release|Any CPU.Build.0 = Release|Any CPU
	EndGlobalSection
	GlobalSection(SolutionProperties) = preSolution
		HideSolutionNode = FALSE
	EndGlobalSection
	GlobalSection(ExtensibilityGlobals) = postSolution
		SolutionGuid = {77F741B2-EE1C-4C15-B9FA-3088E6730D53}
	EndGlobalSection
EndGlobal
